
Microsoft Visual Studio Solution File, Format Version 12.00
# Visual Studio Version 17
VisualStudioVersion = 17.0.32014.148
MinimumVisualStudioVersion = 10.0.40219.1
Project("{FAE04EC0-301F-11D3-BF4B-00C04F79EFBC}") = "HW_Exceptions", "HW_Exceptions\HW_Exceptions.csproj", "{FCD04B89-7E9F-4395-9BD7-DD1A41DAA914}"
EndProject
Global
	GlobalSection(SolutionConfigurationPlatforms) = preSolution
		Debug|Any CPU = Debug|Any CPU
		Release|Any CPU = Release|Any CPU
	EndGlobalSection
	GlobalSection(ProjectConfigurationPlatforms) = postSolution
		{FCD04B89-7E9F-4395-9BD7-DD1A41DAA914}.Debug|Any CPU.ActiveCfg = Debug|Any CPU
		{FCD04B89-7E9F-4395-9BD7-DD1A41DAA914}.Debug|Any CPU.Build.0 = Debug|Any CPU
		{FCD04B89-7E9F-4395-9BD7-DD1A41DAA914}.Release|Any CPU.ActiveCfg = Release|Any CPU
		{FCD04B89-7E9F-4395-9BD7-DD1A41DAA914}.Release|Any CPU.Build.0 = Release|Any CPU
	EndGlobalSection
	GlobalSection(SolutionProperties) = preSolution
		HideSolutionNode = FALSE
	EndGlobalSection
	GlobalSection(ExtensibilityGlobals) = postSolution
		SolutionGuid = {72DBF82F-4272-4A05-943D-4738D5EEB695}
	EndGlobalSection
EndGlobal
